
Microsoft Visual Studio Solution File, Format Version 12.00
Project("{FAE04EC0-301F-11D3-BF4B-00C04F79EFBC}") = "swi-net", "swi-net\swi-net.csproj", "{CFD7FF14-7148-43C0-A363-1A6A53BB952E}"
EndProject
Project("{FAE04EC0-301F-11D3-BF4B-00C04F79EFBC}") = "swi-net.tests", "swi-net.tests\swi-net.tests.csproj", "{2D7E8A8B-74A4-4E60-93A5-5DCD24932009}"
EndProject
Global
	GlobalSection(SolutionConfigurationPlatforms) = preSolution
		Debug|Any CPU = Debug|Any CPU
		Release|Any CPU = Release|Any CPU
	EndGlobalSection
	GlobalSection(ProjectConfigurationPlatforms) = postSolution
		{CFD7FF14-7148-43C0-A363-1A6A53BB952E}.Debug|Any CPU.ActiveCfg = Debug|Any CPU
		{CFD7FF14-7148-43C0-A363-1A6A53BB952E}.Debug|Any CPU.Build.0 = Debug|Any CPU
		{CFD7FF14-7148-43C0-A363-1A6A53BB952E}.Release|Any CPU.ActiveCfg = Release|Any CPU
		{CFD7FF14-7148-43C0-A363-1A6A53BB952E}.Release|Any CPU.Build.0 = Release|Any CPU
		{2D7E8A8B-74A4-4E60-93A5-5DCD24932009}.Debug|Any CPU.ActiveCfg = Debug|Any CPU
		{2D7E8A8B-74A4-4E60-93A5-5DCD24932009}.Debug|Any CPU.Build.0 = Debug|Any CPU
		{2D7E8A8B-74A4-4E60-93A5-5DCD24932009}.Release|Any CPU.ActiveCfg = Release|Any CPU
		{2D7E8A8B-74A4-4E60-93A5-5DCD24932009}.Release|Any CPU.Build.0 = Release|Any CPU
	EndGlobalSection
EndGlobal
